
Microsoft Visual Studio Solution File, Format Version 12.00
# Visual Studio Version 16
VisualStudioVersion = 16.0.31129.286
MinimumVisualStudioVersion = 10.0.40219.1
Project("{2150E333-8FDC-42A3-9474-1A3956D46DE8}") = "0 - Domain", "0 - Domain", "{6D39152B-E5E8-483A-965C-309737A0A9DE}"
EndProject
Project("{FAE04EC0-301F-11D3-BF4B-00C04F79EFBC}") = "GestaoContas.Domain", "GestaoContas.Domain\GestaoContas.Domain.csproj", "{5913CA88-1487-4292-840E-E401AF0FC6CF}"
EndProject
Project("{FAE04EC0-301F-11D3-BF4B-00C04F79EFBC}") = "GestaoContas.Domain.Tests", "GestaoContas.Domain.Tests\GestaoContas.Domain.Tests.csproj", "{98586C93-C967-4096-9D9E-1F13B626D97B}"
EndProject
Global
	GlobalSection(SolutionConfigurationPlatforms) = preSolution
		Debug|Any CPU = Debug|Any CPU
		Release|Any CPU = Release|Any CPU
	EndGlobalSection
	GlobalSection(ProjectConfigurationPlatforms) = postSolution
		{5913CA88-1487-4292-840E-E401AF0FC6CF}.Debug|Any CPU.ActiveCfg = Debug|Any CPU
		{5913CA88-1487-4292-840E-E401AF0FC6CF}.Debug|Any CPU.Build.0 = Debug|Any CPU
		{5913CA88-1487-4292-840E-E401AF0FC6CF}.Release|Any CPU.ActiveCfg = Release|Any CPU
		{5913CA88-1487-4292-840E-E401AF0FC6CF}.Release|Any CPU.Build.0 = Release|Any CPU
		{98586C93-C967-4096-9D9E-1F13B626D97B}.Debug|Any CPU.ActiveCfg = Debug|Any CPU
		{98586C93-C967-4096-9D9E-1F13B626D97B}.Debug|Any CPU.Build.0 = Debug|Any CPU
		{98586C93-C967-4096-9D9E-1F13B626D97B}.Release|Any CPU.ActiveCfg = Release|Any CPU
		{98586C93-C967-4096-9D9E-1F13B626D97B}.Release|Any CPU.Build.0 = Release|Any CPU
	EndGlobalSection
	GlobalSection(SolutionProperties) = preSolution
		HideSolutionNode = FALSE
	EndGlobalSection
	GlobalSection(NestedProjects) = preSolution
		{5913CA88-1487-4292-840E-E401AF0FC6CF} = {6D39152B-E5E8-483A-965C-309737A0A9DE}
		{98586C93-C967-4096-9D9E-1F13B626D97B} = {6D39152B-E5E8-483A-965C-309737A0A9DE}
	EndGlobalSection
	GlobalSection(ExtensibilityGlobals) = postSolution
		SolutionGuid = {77B33833-AC46-42AC-A15F-AB5D264CE168}
	EndGlobalSection
EndGlobal
